
Microsoft Visual Studio Solution File, Format Version 12.00
# Visual Studio Version 16
VisualStudioVersion = 16.0.30804.86
MinimumVisualStudioVersion = 10.0.40219.1
Project("{9A19103F-16F7-4668-BE54-9A1E7A4F7556}") = "TegridyChecker", "TegridyChecker\TegridyChecker.csproj", "{EA6FBC70-2274-4D32-9428-1E148D1F8CD9}"
EndProject
Project("{FAE04EC0-301F-11D3-BF4B-00C04F79EFBC}") = "TegridyChecker.Foundation", "TegridyChecker.Foundation\TegridyChecker.Foundation.csproj", "{E7F92B9A-D59A-430C-9720-140B8407D5FD}"
EndProject
Global
	GlobalSection(SolutionConfigurationPlatforms) = preSolution
		Debug|Any CPU = Debug|Any CPU
		Release|Any CPU = Release|Any CPU
	EndGlobalSection
	GlobalSection(ProjectConfigurationPlatforms) = postSolution
		{EA6FBC70-2274-4D32-9428-1E148D1F8CD9}.Debug|Any CPU.ActiveCfg = Debug|Any CPU
		{EA6FBC70-2274-4D32-9428-1E148D1F8CD9}.Debug|Any CPU.Build.0 = Debug|Any CPU
		{EA6FBC70-2274-4D32-9428-1E148D1F8CD9}.Release|Any CPU.ActiveCfg = Release|Any CPU
		{EA6FBC70-2274-4D32-9428-1E148D1F8CD9}.Release|Any CPU.Build.0 = Release|Any CPU
		{E7F92B9A-D59A-430C-9720-140B8407D5FD}.Debug|Any CPU.ActiveCfg = Debug|Any CPU
		{E7F92B9A-D59A-430C-9720-140B8407D5FD}.Debug|Any CPU.Build.0 = Debug|Any CPU
		{E7F92B9A-D59A-430C-9720-140B8407D5FD}.Release|Any CPU.ActiveCfg = Release|Any CPU
		{E7F92B9A-D59A-430C-9720-140B8407D5FD}.Release|Any CPU.Build.0 = Release|Any CPU
	EndGlobalSection
	GlobalSection(SolutionProperties) = preSolution
		HideSolutionNode = FALSE
	EndGlobalSection
	GlobalSection(ExtensibilityGlobals) = postSolution
		SolutionGuid = {B43B501C-19AF-43E5-8FD7-7761F8B51AA5}
	EndGlobalSection
EndGlobal
